# This file was autogenerated by Stack.
# You should not edit this file by hand.
# For more information, please see the documentation at:
#   https://docs.haskellstack.org/en/stable/lock_files

packages:
- completed:
    hackage: digestive-functors-0.8.4.2@sha256:badff1797b6dcd860a48ed4558985b2f6bec501e1016fa5afd9d7d6b0d8e4c08,3364
    pantry-tree:
      size: 1682
      sha256: 53ce82c7f0c60c10009b1b764b537117a4ab402bbe1a147fba5ad2263acb3025
  original:
    hackage: digestive-functors-0.8.4.2@sha256:badff1797b6dcd860a48ed4558985b2f6bec501e1016fa5afd9d7d6b0d8e4c08,3364
- completed:
    subdir: fn
    name: fn
    version: 0.4.0.0
    git: https://github.com/positiondev/fn
    pantry-tree:
      size: 353
      sha256: 923127e991f736f8292bf75e57d7eac9d3d114fce231dc8fba7a2e47100482cd
    commit: a57e55c177e135db8097517fc81081274ad2d5c0
  original:
    subdir: fn
    git: https://github.com/positiondev/fn
    commit: a57e55c177e135db8097517fc81081274ad2d5c0
- completed:
    subdir: fn-extra
    name: fn-extra
    version: 0.3.1
    git: https://github.com/positiondev/fn
    pantry-tree:
      size: 439
      sha256: 24f15dd6155f31e0ac6e341399c5119fd54bbafdabfc38d89784de0db36380a3
    commit: a57e55c177e135db8097517fc81081274ad2d5c0
  original:
    subdir: fn-extra
    git: https://github.com/positiondev/fn
    commit: a57e55c177e135db8097517fc81081274ad2d5c0
snapshots:
- completed:
    size: 495200
    url: https://raw.githubusercontent.com/commercialhaskell/stackage-snapshots/master/lts/13/6.yaml
    sha256: 3baf62db5746f24561641bc15aadddbf5c973a5a1d587beb9eb9ddb4cf5628eb
  original: lts-13.6
